
Microsoft Visual Studio Solution File, Format Version 12.00
# Visual Studio Version 17
VisualStudioVersion = 17.5.002.0
MinimumVisualStudioVersion = 10.0.40219.1
Project("{9A19103F-16F7-4668-BE54-9A1E7A4F7556}") = "ForHigor", "ForHigor.csproj", "{D309F6F8-1510-47C8-8397-F62F43C2CEDD}"
EndProject
Global
	GlobalSection(SolutionConfigurationPlatforms) = preSolution
		Debug|Any CPU = Debug|Any CPU
		Release|Any CPU = Release|Any CPU
	EndGlobalSection
	GlobalSection(ProjectConfigurationPlatforms) = postSolution
		{D309F6F8-1510-47C8-8397-F62F43C2CEDD}.Debug|Any CPU.ActiveCfg = Debug|Any CPU
		{D309F6F8-1510-47C8-8397-F62F43C2CEDD}.Debug|Any CPU.Build.0 = Debug|Any CPU
		{D309F6F8-1510-47C8-8397-F62F43C2CEDD}.Release|Any CPU.ActiveCfg = Release|Any CPU
		{D309F6F8-1510-47C8-8397-F62F43C2CEDD}.Release|Any CPU.Build.0 = Release|Any CPU
	EndGlobalSection
	GlobalSection(SolutionProperties) = preSolution
		HideSolutionNode = FALSE
	EndGlobalSection
	GlobalSection(ExtensibilityGlobals) = postSolution
		SolutionGuid = {7B5856F9-19A5-4D61-8D9E-0D085AA24747}
	EndGlobalSection
EndGlobal
